
Microsoft Visual Studio Solution File, Format Version 12.00
# Visual Studio Version 17
VisualStudioVersion = 17.14.36221.1 d17.14
MinimumVisualStudioVersion = 10.0.40219.1
Project("{FAE04EC0-301F-11D3-BF4B-00C04F79EFBC}") = "socketUDP", "socketUDP.csproj", "{D2E5BB4A-42EF-4BA8-B89E-2E97672D1977}"
EndProject
Global
	GlobalSection(SolutionConfigurationPlatforms) = preSolution
		Debug|Any CPU = Debug|Any CPU
		Release|Any CPU = Release|Any CPU
	EndGlobalSection
	GlobalSection(ProjectConfigurationPlatforms) = postSolution
		{D2E5BB4A-42EF-4BA8-B89E-2E97672D1977}.Debug|Any CPU.ActiveCfg = Debug|Any CPU
		{D2E5BB4A-42EF-4BA8-B89E-2E97672D1977}.Debug|Any CPU.Build.0 = Debug|Any CPU
		{D2E5BB4A-42EF-4BA8-B89E-2E97672D1977}.Release|Any CPU.ActiveCfg = Release|Any CPU
		{D2E5BB4A-42EF-4BA8-B89E-2E97672D1977}.Release|Any CPU.Build.0 = Release|Any CPU
	EndGlobalSection
	GlobalSection(SolutionProperties) = preSolution
		HideSolutionNode = FALSE
	EndGlobalSection
	GlobalSection(ExtensibilityGlobals) = postSolution
		SolutionGuid = {04E7ABF3-5384-4FCC-8B8C-48EB6E2DE4B0}
	EndGlobalSection
EndGlobal
